# THIS IS AN AUTOGENERATED FILE. DO NOT EDIT THIS FILE DIRECTLY.
# yarn lockfile v1


vue@^2.6.11:
  version "2.6.11"
  resolved "https://registry.npm.taobao.org/vue/download/vue-2.6.11.tgz?cache=0&sync_timestamp=1583556397972&other_urls=https%3A%2F%2Fregistry.npm.taobao.org%2Fvue%2Fdownload%2Fvue-2.6.11.tgz#76594d877d4b12234406e84e35275c6d514125c5"
  integrity sha1-dllNh31LEiNEBuhONSdcbVFBJcU=

yarn@^1.22.4:
  version "1.22.4"
  resolved "https://registry.npm.taobao.org/yarn/download/yarn-1.22.4.tgz#01c1197ca5b27f21edc8bc472cd4c8ce0e5a470e"
  integrity sha1-AcEZfKWyfyHtyLxHLNTIzg5aRw4=
